// !$*UTF8*$!
{
	archiveVersion = 1;
	classes = {
	};
	objectVersion = 48;
	objects = {

/* Begin PBXBuildFile section */
		5065841C20480FAC002CF40F /* FTViewManager.swift in Sources */ = {isa = PBXBuildFile; fileRef = 5065841B20480FAC002CF40F /* FTViewManager.swift */; };
		5065841E20480FEC002CF40F /* FTResponse.swift in Sources */ = {isa = PBXBuildFile; fileRef = 5065841D20480FEC002CF40F /* FTResponse.swift */; };
		5065842020481D3F002CF40F /* FTProject.swift in Sources */ = {isa = PBXBuildFile; fileRef = 5065841F20481D3F002CF40F /* FTProject.swift */; };
		5065842220482316002CF40F /* FTProfilView.xib in Resources */ = {isa = PBXBuildFile; fileRef = 5065842120482316002CF40F /* FTProfilView.xib */; };
		5065842420482324002CF40F /* FTProfilView.swift in Sources */ = {isa = PBXBuildFile; fileRef = 5065842320482324002CF40F /* FTProfilView.swift */; };
		506584262048482D002CF40F /* FTLogIndicator.swift in Sources */ = {isa = PBXBuildFile; fileRef = 506584252048482D002CF40F /* FTLogIndicator.swift */; };
		5065842820484F69002CF40F /* FTExampleView.swift in Sources */ = {isa = PBXBuildFile; fileRef = 5065842720484F69002CF40F /* FTExampleView.swift */; };
		50E7DC39204708C3004EABD3 /* AppDelegate.swift in Sources */ = {isa = PBXBuildFile; fileRef = 50E7DC38204708C3004EABD3 /* AppDelegate.swift */; };
		50E7DC3D204708C3004EABD3 /* Assets.xcassets in Resources */ = {isa = PBXBuildFile; fileRef = 50E7DC3C204708C3004EABD3 /* Assets.xcassets */; };
		50E7DC40204708C3004EABD3 /* Main.storyboard in Resources */ = {isa = PBXBuildFile; fileRef = 50E7DC3E204708C3004EABD3 /* Main.storyboard */; };
		50E7DC4920470CF4004EABD3 /* FTMainViewController.swift in Sources */ = {isa = PBXBuildFile; fileRef = 50E7DC4820470CF4004EABD3 /* FTMainViewController.swift */; };
		50E7DC4B204713AA004EABD3 /* FTRequestHandler.swift in Sources */ = {isa = PBXBuildFile; fileRef = 50E7DC4A204713AA004EABD3 /* FTRequestHandler.swift */; };
		50E7DC4D2047152E004EABD3 /* FTApi.swift in Sources */ = {isa = PBXBuildFile; fileRef = 50E7DC4C2047152E004EABD3 /* FTApi.swift */; };
		50E7DC4F204715A2004EABD3 /* FTUser.swift in Sources */ = {isa = PBXBuildFile; fileRef = 50E7DC4E204715A2004EABD3 /* FTUser.swift */; };
		50E7DC5120471EDB004EABD3 /* FTResponseManager.swift in Sources */ = {isa = PBXBuildFile; fileRef = 50E7DC5020471EDB004EABD3 /* FTResponseManager.swift */; };
		50E7DC5320472CB7004EABD3 /* FTLogView.xib in Resources */ = {isa = PBXBuildFile; fileRef = 50E7DC5220472CB7004EABD3 /* FTLogView.xib */; };
		50E7DC5520472CC6004EABD3 /* FTLogView.swift in Sources */ = {isa = PBXBuildFile; fileRef = 50E7DC5420472CC6004EABD3 /* FTLogView.swift */; };
		C2B0B731D45D82489A6A50D5 /* Pods_42IA.framework in Frameworks */ = {isa = PBXBuildFile; fileRef = BBCCC74F94D7E528A5EDC37D /* Pods_42IA.framework */; };
/* End PBXBuildFile section */

/* Begin PBXFileReference section */
		400C5320CFA023439D4E27AD /* Pods-42IA.debug.xcconfig */ = {isa = PBXFileReference; includeInIndex = 1; lastKnownFileType = text.xcconfig; name = "Pods-42IA.debug.xcconfig"; path = "Pods/Target Support Files/Pods-42IA/Pods-42IA.debug.xcconfig"; sourceTree = "<group>"; };
		41C6F94535D58C35386E00A2 /* Pods-42IA.release.xcconfig */ = {isa = PBXFileReference; includeInIndex = 1; lastKnownFileType = text.xcconfig; name = "Pods-42IA.release.xcconfig"; path = "Pods/Target Support Files/Pods-42IA/Pods-42IA.release.xcconfig"; sourceTree = "<group>"; };
		5065841B20480FAC002CF40F /* FTViewManager.swift */ = {isa = PBXFileReference; lastKnownFileType = sourcecode.swift; path = FTViewManager.swift; sourceTree = "<group>"; };
		5065841D20480FEC002CF40F /* FTResponse.swift */ = {isa = PBXFileReference; lastKnownFileType = sourcecode.swift; path = FTResponse.swift; sourceTree = "<group>"; };
		5065841F20481D3F002CF40F /* FTProject.swift */ = {isa = PBXFileReference; lastKnownFileType = sourcecode.swift; path = FTProject.swift; sourceTree = "<group>"; };
		5065842120482316002CF40F /* FTProfilView.xib */ = {isa = PBXFileReference; lastKnownFileType = file.xib; path = FTProfilView.xib; sourceTree = "<group>"; };
		5065842320482324002CF40F /* FTProfilView.swift */ = {isa = PBXFileReference; lastKnownFileType = sourcecode.swift; path = FTProfilView.swift; sourceTree = "<group>"; };
		506584252048482D002CF40F /* FTLogIndicator.swift */ = {isa = PBXFileReference; lastKnownFileType = sourcecode.swift; path = FTLogIndicator.swift; sourceTree = "<group>"; };
		5065842720484F69002CF40F /* FTExampleView.swift */ = {isa = PBXFileReference; lastKnownFileType = sourcecode.swift; path = FTExampleView.swift; sourceTree = "<group>"; };
		50E7DC35204708C3004EABD3 /* 42IA.app */ = {isa = PBXFileReference; explicitFileType = wrapper.application; includeInIndex = 0; path = 42IA.app; sourceTree = BUILT_PRODUCTS_DIR; };
		50E7DC38204708C3004EABD3 /* AppDelegate.swift */ = {isa = PBXFileReference; lastKnownFileType = sourcecode.swift; path = AppDelegate.swift; sourceTree = "<group>"; };
		50E7DC3C204708C3004EABD3 /* Assets.xcassets */ = {isa = PBXFileReference; lastKnownFileType = folder.assetcatalog; path = Assets.xcassets; sourceTree = "<group>"; };
		50E7DC3F204708C3004EABD3 /* Base */ = {isa = PBXFileReference; lastKnownFileType = file.storyboard; name = Base; path = Base.lproj/Main.storyboard; sourceTree = "<group>"; };
		50E7DC41204708C3004EABD3 /* Info.plist */ = {isa = PBXFileReference; lastKnownFileType = text.plist.xml; path = Info.plist; sourceTree = "<group>"; };
		50E7DC42204708C3004EABD3 /* _2IA.entitlements */ = {isa = PBXFileReference; lastKnownFileType = text.plist.entitlements; path = _2IA.entitlements; sourceTree = "<group>"; };
		50E7DC4820470CF4004EABD3 /* FTMainViewController.swift */ = {isa = PBXFileReference; lastKnownFileType = sourcecode.swift; path = FTMainViewController.swift; sourceTree = "<group>"; };
		50E7DC4A204713AA004EABD3 /* FTRequestHandler.swift */ = {isa = PBXFileReference; lastKnownFileType = sourcecode.swift; path = FTRequestHandler.swift; sourceTree = "<group>"; };
		50E7DC4C2047152E004EABD3 /* FTApi.swift */ = {isa = PBXFileReference; lastKnownFileType = sourcecode.swift; path = FTApi.swift; sourceTree = "<group>"; };
		50E7DC4E204715A2004EABD3 /* FTUser.swift */ = {isa = PBXFileReference; lastKnownFileType = sourcecode.swift; path = FTUser.swift; sourceTree = "<group>"; };
		50E7DC5020471EDB004EABD3 /* FTResponseManager.swift */ = {isa = PBXFileReference; lastKnownFileType = sourcecode.swift; path = FTResponseManager.swift; sourceTree = "<group>"; };
		50E7DC5220472CB7004EABD3 /* FTLogView.xib */ = {isa = PBXFileReference; lastKnownFileType = file.xib; path = FTLogView.xib; sourceTree = "<group>"; };
		50E7DC5420472CC6004EABD3 /* FTLogView.swift */ = {isa = PBXFileReference; lastKnownFileType = sourcecode.swift; path = FTLogView.swift; sourceTree = "<group>"; };
		BBCCC74F94D7E528A5EDC37D /* Pods_42IA.framework */ = {isa = PBXFileReference; explicitFileType = wrapper.framework; includeInIndex = 0; path = Pods_42IA.framework; sourceTree = BUILT_PRODUCTS_DIR; };
/* End PBXFileReference section */

/* Begin PBXFrameworksBuildPhase section */
		50E7DC32204708C3004EABD3 /* Frameworks */ = {
			isa = PBXFrameworksBuildPhase;
			buildActionMask = 2147483647;
			files = (
				C2B0B731D45D82489A6A50D5 /* Pods_42IA.framework in Frameworks */,
			);
			runOnlyForDeploymentPostprocessing = 0;
		};
/* End PBXFrameworksBuildPhase section */

/* Begin PBXGroup section */
		50E7DC2C204708C3004EABD3 = {
			isa = PBXGroup;
			children = (
				50E7DC37204708C3004EABD3 /* 42IA */,
				50E7DC36204708C3004EABD3 /* Products */,
				DC30ACAFD1E689031932C1BE /* Pods */,
				CBA1DEC9DC20100E96BAB145 /* Frameworks */,
			);
			sourceTree = "<group>";
		};
		50E7DC36204708C3004EABD3 /* Products */ = {
			isa = PBXGroup;
			children = (
				50E7DC35204708C3004EABD3 /* 42IA.app */,
			);
			name = Products;
			sourceTree = "<group>";
		};
		50E7DC37204708C3004EABD3 /* 42IA */ = {
			isa = PBXGroup;
			children = (
				50E7DC38204708C3004EABD3 /* AppDelegate.swift */,
				50E7DC4C2047152E004EABD3 /* FTApi.swift */,
				50E7DC4E204715A2004EABD3 /* FTUser.swift */,
				5065841F20481D3F002CF40F /* FTProject.swift */,
				50E7DC4A204713AA004EABD3 /* FTRequestHandler.swift */,
				50E7DC5020471EDB004EABD3 /* FTResponseManager.swift */,
				5065841B20480FAC002CF40F /* FTViewManager.swift */,
				5065841D20480FEC002CF40F /* FTResponse.swift */,
				50E7DC4820470CF4004EABD3 /* FTMainViewController.swift */,
				50E7DC3C204708C3004EABD3 /* Assets.xcassets */,
				50E7DC3E204708C3004EABD3 /* Main.storyboard */,
				506584252048482D002CF40F /* FTLogIndicator.swift */,
				50E7DC5420472CC6004EABD3 /* FTLogView.swift */,
				50E7DC5220472CB7004EABD3 /* FTLogView.xib */,
				5065842320482324002CF40F /* FTProfilView.swift */,
				5065842120482316002CF40F /* FTProfilView.xib */,
				5065842720484F69002CF40F /* FTExampleView.swift */,
				50E7DC41204708C3004EABD3 /* Info.plist */,
				50E7DC42204708C3004EABD3 /* _2IA.entitlements */,
			);
			path = 42IA;
			sourceTree = "<group>";
		};
		CBA1DEC9DC20100E96BAB145 /* Frameworks */ = {
			isa = PBXGroup;
			children = (
				BBCCC74F94D7E528A5EDC37D /* Pods_42IA.framework */,
			);
			name = Frameworks;
			sourceTree = "<group>";
		};
		DC30ACAFD1E689031932C1BE /* Pods */ = {
			isa = PBXGroup;
			children = (
				400C5320CFA023439D4E27AD /* Pods-42IA.debug.xcconfig */,
				41C6F94535D58C35386E00A2 /* Pods-42IA.release.xcconfig */,
			);
			name = Pods;
			sourceTree = "<group>";
		};
/* End PBXGroup section */

/* Begin PBXNativeTarget section */
		50E7DC34204708C3004EABD3 /* 42IA */ = {
			isa = PBXNativeTarget;
			buildConfigurationList = 50E7DC45204708C3004EABD3 /* Build configuration list for PBXNativeTarget "42IA" */;
			buildPhases = (
				63910F4F8929736272B1ADDD /* [CP] Check Pods Manifest.lock */,
				50E7DC31204708C3004EABD3 /* Sources */,
				50E7DC32204708C3004EABD3 /* Frameworks */,
				50E7DC33204708C3004EABD3 /* Resources */,
				D51386B0DB4E03F19A3DAE1C /* [CP] Embed Pods Frameworks */,
				E19A241385B15AC7682BE320 /* [CP] Copy Pods Resources */,
			);
			buildRules = (
			);
			dependencies = (
			);
			name = 42IA;
			productName = 42IA;
			productReference = 50E7DC35204708C3004EABD3 /* 42IA.app */;
			productType = "com.apple.product-type.application";
		};
/* End PBXNativeTarget section */

/* Begin PBXProject section */
		50E7DC2D204708C3004EABD3 /* Project object */ = {
			isa = PBXProject;
			attributes = {
				LastSwiftUpdateCheck = 0920;
				LastUpgradeCheck = 0920;
				ORGANIZATIONNAME = bpisano;
				TargetAttributes = {
					50E7DC34204708C3004EABD3 = {
						CreatedOnToolsVersion = 9.2;
						ProvisioningStyle = Automatic;
					};
				};
			};
			buildConfigurationList = 50E7DC30204708C3004EABD3 /* Build configuration list for PBXProject "42IA" */;
			compatibilityVersion = "Xcode 8.0";
			developmentRegion = en;
			hasScannedForEncodings = 0;
			knownRegions = (
				en,
				Base,
			);
			mainGroup = 50E7DC2C204708C3004EABD3;
			productRefGroup = 50E7DC36204708C3004EABD3 /* Products */;
			projectDirPath = "";
			projectRoot = "";
			targets = (
				50E7DC34204708C3004EABD3 /* 42IA */,
			);
		};
/* End PBXProject section */

/* Begin PBXResourcesBuildPhase section */
		50E7DC33204708C3004EABD3 /* Resources */ = {
			isa = PBXResourcesBuildPhase;
			buildActionMask = 2147483647;
			files = (
				50E7DC3D204708C3004EABD3 /* Assets.xcassets in Resources */,
				50E7DC40204708C3004EABD3 /* Main.storyboard in Resources */,
				5065842220482316002CF40F /* FTProfilView.xib in Resources */,
				50E7DC5320472CB7004EABD3 /* FTLogView.xib in Resources */,
			);
			runOnlyForDeploymentPostprocessing = 0;
		};
/* End PBXResourcesBuildPhase section */

/* Begin PBXShellScriptBuildPhase section */
		63910F4F8929736272B1ADDD /* [CP] Check Pods Manifest.lock */ = {
			isa = PBXShellScriptBuildPhase;
			buildActionMask = 2147483647;
			files = (
			);
			inputPaths = (
				"${PODS_PODFILE_DIR_PATH}/Podfile.lock",
				"${PODS_ROOT}/Manifest.lock",
			);
			name = "[CP] Check Pods Manifest.lock";
			outputPaths = (
				"$(DERIVED_FILE_DIR)/Pods-42IA-checkManifestLockResult.txt",
			);
			runOnlyForDeploymentPostprocessing = 0;
			shellPath = /bin/sh;
			shellScript = "diff \"${PODS_PODFILE_DIR_PATH}/Podfile.lock\" \"${PODS_ROOT}/Manifest.lock\" > /dev/null\nif [ $? != 0 ] ; then\n    # print error to STDERR\n    echo \"error: The sandbox is not in sync with the Podfile.lock. Run 'pod install' or update your CocoaPods installation.\" >&2\n    exit 1\nfi\n# This output is used by Xcode 'outputs' to avoid re-running this script phase.\necho \"SUCCESS\" > \"${SCRIPT_OUTPUT_FILE_0}\"\n";
			showEnvVarsInLog = 0;
		};
		D51386B0DB4E03F19A3DAE1C /* [CP] Embed Pods Frameworks */ = {
			isa = PBXShellScriptBuildPhase;
			buildActionMask = 2147483647;
			files = (
			);
			inputPaths = (
				"${SRCROOT}/Pods/Target Support Files/Pods-42IA/Pods-42IA-frameworks.sh",
				"${BUILT_PRODUCTS_DIR}/Alamofire/Alamofire.framework",
				"${BUILT_PRODUCTS_DIR}/ApiAI/ApiAI.framework",
				"${BUILT_PRODUCTS_DIR}/SwiftyJSON/SwiftyJSON.framework",
			);
			name = "[CP] Embed Pods Frameworks";
			outputPaths = (
				"${TARGET_BUILD_DIR}/${FRAMEWORKS_FOLDER_PATH}/Alamofire.framework",
				"${TARGET_BUILD_DIR}/${FRAMEWORKS_FOLDER_PATH}/ApiAI.framework",
				"${TARGET_BUILD_DIR}/${FRAMEWORKS_FOLDER_PATH}/SwiftyJSON.framework",
			);
			runOnlyForDeploymentPostprocessing = 0;
			shellPath = /bin/sh;
			shellScript = "\"${SRCROOT}/Pods/Target Support Files/Pods-42IA/Pods-42IA-frameworks.sh\"\n";
			showEnvVarsInLog = 0;
		};
		E19A241385B15AC7682BE320 /* [CP] Copy Pods Resources */ = {
			isa = PBXShellScriptBuildPhase;
			buildActionMask = 2147483647;
			files = (
			);
			inputPaths = (
			);
			name = "[CP] Copy Pods Resources";
			outputPaths = (
			);
			runOnlyForDeploymentPostprocessing = 0;
			shellPath = /bin/sh;
			shellScript = "\"${SRCROOT}/Pods/Target Support Files/Pods-42IA/Pods-42IA-resources.sh\"\n";
			showEnvVarsInLog = 0;
		};
/* End PBXShellScriptBuildPhase section */

/* Begin PBXSourcesBuildPhase section */
		50E7DC31204708C3004EABD3 /* Sources */ = {
			isa = PBXSourcesBuildPhase;
			buildActionMask = 2147483647;
			files = (
				5065841E20480FEC002CF40F /* FTResponse.swift in Sources */,
				5065842020481D3F002CF40F /* FTProject.swift in Sources */,
				50E7DC5120471EDB004EABD3 /* FTResponseManager.swift in Sources */,
				50E7DC4B204713AA004EABD3 /* FTRequestHandler.swift in Sources */,
				50E7DC4F204715A2004EABD3 /* FTUser.swift in Sources */,
				5065842820484F69002CF40F /* FTExampleView.swift in Sources */,
				50E7DC39204708C3004EABD3 /* AppDelegate.swift in Sources */,
				50E7DC4D2047152E004EABD3 /* FTApi.swift in Sources */,
				50E7DC4920470CF4004EABD3 /* FTMainViewController.swift in Sources */,
				506584262048482D002CF40F /* FTLogIndicator.swift in Sources */,
				5065841C20480FAC002CF40F /* FTViewManager.swift in Sources */,
				5065842420482324002CF40F /* FTProfilView.swift in Sources */,
				50E7DC5520472CC6004EABD3 /* FTLogView.swift in Sources */,
			);
			runOnlyForDeploymentPostprocessing = 0;
		};
/* End PBXSourcesBuildPhase section */

/* Begin PBXVariantGroup section */
		50E7DC3E204708C3004EABD3 /* Main.storyboard */ = {
			isa = PBXVariantGroup;
			children = (
				50E7DC3F204708C3004EABD3 /* Base */,
			);
			name = Main.storyboard;
			sourceTree = "<group>";
		};
/* End PBXVariantGroup section */

/* Begin XCBuildConfiguration section */
		50E7DC43204708C3004EABD3 /* Debug */ = {
			isa = XCBuildConfiguration;
			buildSettings = {
				ALWAYS_SEARCH_USER_PATHS = NO;
				CLANG_ANALYZER_NONNULL = YES;
				CLANG_ANALYZER_NUMBER_OBJECT_CONVERSION = YES_AGGRESSIVE;
				CLANG_CXX_LANGUAGE_STANDARD = "gnu++14";
				CLANG_CXX_LIBRARY = "libc++";
				CLANG_ENABLE_MODULES = YES;
				CLANG_ENABLE_OBJC_ARC = YES;
				CLANG_WARN_BLOCK_CAPTURE_AUTORELEASING = YES;
				CLANG_WARN_BOOL_CONVERSION = YES;
				CLANG_WARN_COMMA = YES;
				CLANG_WARN_CONSTANT_CONVERSION = YES;
				CLANG_WARN_DIRECT_OBJC_ISA_USAGE = YES_ERROR;
				CLANG_WARN_DOCUMENTATION_COMMENTS = YES;
				CLANG_WARN_EMPTY_BODY = YES;
				CLANG_WARN_ENUM_CONVERSION = YES;
				CLANG_WARN_INFINITE_RECURSION = YES;
				CLANG_WARN_INT_CONVERSION = YES;
				CLANG_WARN_NON_LITERAL_NULL_CONVERSION = YES;
				CLANG_WARN_OBJC_LITERAL_CONVERSION = YES;
				CLANG_WARN_OBJC_ROOT_CLASS = YES_ERROR;
				CLANG_WARN_RANGE_LOOP_ANALYSIS = YES;
				CLANG_WARN_STRICT_PROTOTYPES = YES;
				CLANG_WARN_SUSPICIOUS_MOVE = YES;
				CLANG_WARN_UNGUARDED_AVAILABILITY = YES_AGGRESSIVE;
				CLANG_WARN_UNREACHABLE_CODE = YES;
				CLANG_WARN__DUPLICATE_METHOD_MATCH = YES;
				CODE_SIGN_IDENTITY = "-";
				COPY_PHASE_STRIP = NO;
				DEBUG_INFORMATION_FORMAT = dwarf;
				ENABLE_STRICT_OBJC_MSGSEND = YES;
				ENABLE_TESTABILITY = YES;
				GCC_C_LANGUAGE_STANDARD = gnu11;
				GCC_DYNAMIC_NO_PIC = NO;
				GCC_NO_COMMON_BLOCKS = YES;
				GCC_OPTIMIZATION_LEVEL = 0;
				GCC_PREPROCESSOR_DEFINITIONS = (
					"DEBUG=1",
					"$(inherited)",
				);
				GCC_WARN_64_TO_32_BIT_CONVERSION = YES;
				GCC_WARN_ABOUT_RETURN_TYPE = YES_ERROR;
				GCC_WARN_UNDECLARED_SELECTOR = YES;
				GCC_WARN_UNINITIALIZED_AUTOS = YES_AGGRESSIVE;
				GCC_WARN_UNUSED_FUNCTION = YES;
				GCC_WARN_UNUSED_VARIABLE = YES;
				MACOSX_DEPLOYMENT_TARGET = 10.12;
				MTL_ENABLE_DEBUG_INFO = YES;
				ONLY_ACTIVE_ARCH = YES;
				SDKROOT = macosx;
				SWIFT_ACTIVE_COMPILATION_CONDITIONS = DEBUG;
				SWIFT_OPTIMIZATION_LEVEL = "-Onone";
			};
			name = Debug;
		};
		50E7DC44204708C3004EABD3 /* Release */ = {
			isa = XCBuildConfiguration;
			buildSettings = {
				ALWAYS_SEARCH_USER_PATHS = NO;
				CLANG_ANALYZER_NONNULL = YES;
				CLANG_ANALYZER_NUMBER_OBJECT_CONVERSION = YES_AGGRESSIVE;
				CLANG_CXX_LANGUAGE_STANDARD = "gnu++14";
				CLANG_CXX_LIBRARY = "libc++";
				CLANG_ENABLE_MODULES = YES;
				CLANG_ENABLE_OBJC_ARC = YES;
				CLANG_WARN_BLOCK_CAPTURE_AUTORELEASING = YES;
				CLANG_WARN_BOOL_CONVERSION = YES;
				CLANG_WARN_COMMA = YES;
				CLANG_WARN_CONSTANT_CONVERSION = YES;
				CLANG_WARN_DIRECT_OBJC_ISA_USAGE = YES_ERROR;
				CLANG_WARN_DOCUMENTATION_COMMENTS = YES;
				CLANG_WARN_EMPTY_BODY = YES;
				CLANG_WARN_ENUM_CONVERSION = YES;
				CLANG_WARN_INFINITE_RECURSION = YES;
				CLANG_WARN_INT_CONVERSION = YES;
				CLANG_WARN_NON_LITERAL_NULL_CONVERSION = YES;
				CLANG_WARN_OBJC_LITERAL_CONVERSION = YES;
				CLANG_WARN_OBJC_ROOT_CLASS = YES_ERROR;
				CLANG_WARN_RANGE_LOOP_ANALYSIS = YES;
				CLANG_WARN_STRICT_PROTOTYPES = YES;
				CLANG_WARN_SUSPICIOUS_MOVE = YES;
				CLANG_WARN_UNGUARDED_AVAILABILITY = YES_AGGRESSIVE;
				CLANG_WARN_UNREACHABLE_CODE = YES;
				CLANG_WARN__DUPLICATE_METHOD_MATCH = YES;
				CODE_SIGN_IDENTITY = "-";
				COPY_PHASE_STRIP = NO;
				DEBUG_INFORMATION_FORMAT = "dwarf-with-dsym";
				ENABLE_NS_ASSERTIONS = NO;
				ENABLE_STRICT_OBJC_MSGSEND = YES;
				GCC_C_LANGUAGE_STANDARD = gnu11;
				GCC_NO_COMMON_BLOCKS = YES;
				GCC_WARN_64_TO_32_BIT_CONVERSION = YES;
				GCC_WARN_ABOUT_RETURN_TYPE = YES_ERROR;
				GCC_WARN_UNDECLARED_SELECTOR = YES;
				GCC_WARN_UNINITIALIZED_AUTOS = YES_AGGRESSIVE;
				GCC_WARN_UNUSED_FUNCTION = YES;
				GCC_WARN_UNUSED_VARIABLE = YES;
				MACOSX_DEPLOYMENT_TARGET = 10.12;
				MTL_ENABLE_DEBUG_INFO = NO;
				SDKROOT = macosx;
				SWIFT_OPTIMIZATION_LEVEL = "-Owholemodule";
			};
			name = Release;
		};
		50E7DC46204708C3004EABD3 /* Debug */ = {
			isa = XCBuildConfiguration;
			baseConfigurationReference = 400C5320CFA023439D4E27AD /* Pods-42IA.debug.xcconfig */;
			buildSettings = {
				ASSETCATALOG_COMPILER_APPICON_NAME = AppIcon;
				CODE_SIGN_ENTITLEMENTS = 42IA/_2IA.entitlements;
				CODE_SIGN_STYLE = Automatic;
				COMBINE_HIDPI_IMAGES = YES;
				INFOPLIST_FILE = 42IA/Info.plist;
				LD_RUNPATH_SEARCH_PATHS = "$(inherited) @executable_path/../Frameworks";
				PRODUCT_BUNDLE_IDENTIFIER = "bpisano.-2IA";
				PRODUCT_NAME = "$(TARGET_NAME)";
				SWIFT_VERSION = 4.0;
			};
			name = Debug;
		};
		50E7DC47204708C3004EABD3 /* Release */ = {
			isa = XCBuildConfiguration;
			baseConfigurationReference = 41C6F94535D58C35386E00A2 /* Pods-42IA.release.xcconfig */;
			buildSettings = {
				ASSETCATALOG_COMPILER_APPICON_NAME = AppIcon;
				CODE_SIGN_ENTITLEMENTS = 42IA/_2IA.entitlements;
				CODE_SIGN_STYLE = Automatic;
				COMBINE_HIDPI_IMAGES = YES;
				INFOPLIST_FILE = 42IA/Info.plist;
				LD_RUNPATH_SEARCH_PATHS = "$(inherited) @executable_path/../Frameworks";
				PRODUCT_BUNDLE_IDENTIFIER = "bpisano.-2IA";
				PRODUCT_NAME = "$(TARGET_NAME)";
				SWIFT_VERSION = 4.0;
			};
			name = Release;
		};
/* End XCBuildConfiguration section */

/* Begin XCConfigurationList section */
		50E7DC30204708C3004EABD3 /* Build configuration list for PBXProject "42IA" */ = {
			isa = XCConfigurationList;
			buildConfigurations = (
				50E7DC43204708C3004EABD3 /* Debug */,
				50E7DC44204708C3004EABD3 /* Release */,
			);
			defaultConfigurationIsVisible = 0;
			defaultConfigurationName = Release;
		};
		50E7DC45204708C3004EABD3 /* Build configuration list for PBXNativeTarget "42IA" */ = {
			isa = XCConfigurationList;
			buildConfigurations = (
				50E7DC46204708C3004EABD3 /* Debug */,
				50E7DC47204708C3004EABD3 /* Release */,
			);
			defaultConfigurationIsVisible = 0;
			defaultConfigurationName = Release;
		};
/* End XCConfigurationList section */
	};
	rootObject = 50E7DC2D204708C3004EABD3 /* Project object */;
}
